
Microsoft Visual Studio Solution File, Format Version 12.00
Project("{FAE04EC0-301F-11D3-BF4B-00C04F79EFBC}") = "prototype_server", "prototype_server\prototype_server.csproj", "{71A9BE76-A2C8-4977-9D92-9458EC0518FE}"
EndProject
Project("{D954291E-2A0B-460D-934E-DC6B0785DB48}") = "prototype_config", "..\prototype_config\prototype_config\prototype_config.shproj", "{DF4EA7DB-9414-48A2-B593-639175DCBC7F}"
EndProject
Project("{D954291E-2A0B-460D-934E-DC6B0785DB48}") = "prototype_storage", "..\prototype_storage\prototype_storage\prototype_storage.shproj", "{DB0B6353-88CB-46C0-94FF-E92BF1D6A494}"
EndProject
Project("{D954291E-2A0B-460D-934E-DC6B0785DB48}") = "prototype_models", "..\prototype_models\prototype_models\prototype_models.shproj", "{1C139FF6-DFA0-48A6-9309-F29929E71CCB}"
EndProject
Project("{D954291E-2A0B-460D-934E-DC6B0785DB48}") = "prototype_serializers", "..\prototype_serializers\prototype_serializers\prototype_serializers.shproj", "{550BEBE4-02E5-428C-BF21-DAE40B54C6D8}"
EndProject
Project("{D954291E-2A0B-460D-934E-DC6B0785DB48}") = "prototype_services", "..\prototype_services\prototype_services\prototype_services.shproj", "{17C948C2-A9E2-4F2A-B891-58A8737B4F6D}"
EndProject
Project("{FAE04EC0-301F-11D3-BF4B-00C04F79EFBC}") = "prototype_server.Specs", "prototype_server.Specs\prototype_server.Specs.csproj", "{9C535683-51AC-408A-AF0E-5406F4C81277}"
EndProject
Project("{FAE04EC0-301F-11D3-BF4B-00C04F79EFBC}") = "prototype_server.Benchmark", "prototype_server.Benchmark\prototype_server.Benchmark.csproj", "{E6F16F5F-584E-4A15-83DB-9CC9B9A51E10}"
EndProject
Global
	GlobalSection(SolutionConfigurationPlatforms) = preSolution
		Debug|Any CPU = Debug|Any CPU
		Release|Any CPU = Release|Any CPU
	EndGlobalSection
	GlobalSection(ProjectConfigurationPlatforms) = postSolution
		{71A9BE76-A2C8-4977-9D92-9458EC0518FE}.Debug|Any CPU.ActiveCfg = Debug|Any CPU
		{71A9BE76-A2C8-4977-9D92-9458EC0518FE}.Debug|Any CPU.Build.0 = Debug|Any CPU
		{71A9BE76-A2C8-4977-9D92-9458EC0518FE}.Release|Any CPU.ActiveCfg = Release|Any CPU
		{71A9BE76-A2C8-4977-9D92-9458EC0518FE}.Release|Any CPU.Build.0 = Release|Any CPU
		{9C535683-51AC-408A-AF0E-5406F4C81277}.Debug|Any CPU.ActiveCfg = Debug|Any CPU
		{9C535683-51AC-408A-AF0E-5406F4C81277}.Debug|Any CPU.Build.0 = Debug|Any CPU
		{9C535683-51AC-408A-AF0E-5406F4C81277}.Release|Any CPU.ActiveCfg = Release|Any CPU
		{9C535683-51AC-408A-AF0E-5406F4C81277}.Release|Any CPU.Build.0 = Release|Any CPU
		{283C80E7-43C7-4067-82B5-6267D42F1C94}.Debug|Any CPU.ActiveCfg = Debug|Any CPU
		{283C80E7-43C7-4067-82B5-6267D42F1C94}.Debug|Any CPU.Build.0 = Debug|Any CPU
		{283C80E7-43C7-4067-82B5-6267D42F1C94}.Release|Any CPU.ActiveCfg = Release|Any CPU
		{283C80E7-43C7-4067-82B5-6267D42F1C94}.Release|Any CPU.Build.0 = Release|Any CPU
		{D2AA2724-70CB-430F-A9EE-A628DAE2FB05}.Debug|Any CPU.ActiveCfg = Debug|Any CPU
		{D2AA2724-70CB-430F-A9EE-A628DAE2FB05}.Debug|Any CPU.Build.0 = Debug|Any CPU
		{D2AA2724-70CB-430F-A9EE-A628DAE2FB05}.Release|Any CPU.ActiveCfg = Release|Any CPU
		{D2AA2724-70CB-430F-A9EE-A628DAE2FB05}.Release|Any CPU.Build.0 = Release|Any CPU
		{E6F16F5F-584E-4A15-83DB-9CC9B9A51E10}.Debug|Any CPU.ActiveCfg = Debug|Any CPU
		{E6F16F5F-584E-4A15-83DB-9CC9B9A51E10}.Debug|Any CPU.Build.0 = Debug|Any CPU
		{E6F16F5F-584E-4A15-83DB-9CC9B9A51E10}.Release|Any CPU.ActiveCfg = Release|Any CPU
		{E6F16F5F-584E-4A15-83DB-9CC9B9A51E10}.Release|Any CPU.Build.0 = Release|Any CPU
	EndGlobalSection
EndGlobal
