
Microsoft Visual Studio Solution File, Format Version 12.00
Project("{FAE04EC0-301F-11D3-BF4B-00C04F79EFBC}") = "prototype_server", "prototype_server\prototype_server.csproj", "{71A9BE76-A2C8-4977-9D92-9458EC0518FE}"
EndProject
Project("{FAE04EC0-301F-11D3-BF4B-00C04F79EFBC}") = "prototype_server.Specs", "prototype_server.Specs\prototype_server.Specs.csproj", "{9C535683-51AC-408A-AF0E-5406F4C81277}"
EndProject
Global
	GlobalSection(SolutionConfigurationPlatforms) = preSolution
		Debug|Any CPU = Debug|Any CPU
		Release|Any CPU = Release|Any CPU
	EndGlobalSection
	GlobalSection(ProjectConfigurationPlatforms) = postSolution
		{71A9BE76-A2C8-4977-9D92-9458EC0518FE}.Debug|Any CPU.ActiveCfg = Debug|Any CPU
		{71A9BE76-A2C8-4977-9D92-9458EC0518FE}.Debug|Any CPU.Build.0 = Debug|Any CPU
		{71A9BE76-A2C8-4977-9D92-9458EC0518FE}.Release|Any CPU.ActiveCfg = Release|Any CPU
		{71A9BE76-A2C8-4977-9D92-9458EC0518FE}.Release|Any CPU.Build.0 = Release|Any CPU
		{9C535683-51AC-408A-AF0E-5406F4C81277}.Debug|Any CPU.ActiveCfg = Debug|Any CPU
		{9C535683-51AC-408A-AF0E-5406F4C81277}.Debug|Any CPU.Build.0 = Debug|Any CPU
		{9C535683-51AC-408A-AF0E-5406F4C81277}.Release|Any CPU.ActiveCfg = Release|Any CPU
		{9C535683-51AC-408A-AF0E-5406F4C81277}.Release|Any CPU.Build.0 = Release|Any CPU
	EndGlobalSection
EndGlobal
